Microsoft Visual Studio Solution File, Format Version 11.00
# Visual Studio 2008

Project("{FFED2569-EDCE-BE65-1641-F8DA2D94098D}") = "TronLegacyReborn", "Assembly-CSharp.csproj", "{3FADAF55-3D43-720B-76DF-2BABF4D11E10}"
EndProject
Global
	GlobalSection(SolutionConfigurationPlatforms) = preSolution
		Debug|Any CPU = Debug|Any CPU
		Release|Any CPU = Release|Any CPU
	EndGlobalSection
	GlobalSection(ProjectConfigurationPlatforms) = postSolution
		{3FADAF55-3D43-720B-76DF-2BABF4D11E10}.Debug|Any CPU.ActiveCfg = Debug|Any CPU
		{3FADAF55-3D43-720B-76DF-2BABF4D11E10}.Debug|Any CPU.Build.0 = Debug|Any CPU
		{3FADAF55-3D43-720B-76DF-2BABF4D11E10}.Release|Any CPU.ActiveCfg = Release|Any CPU
		{3FADAF55-3D43-720B-76DF-2BABF4D11E10}.Release|Any CPU.Build.0 = Release|Any CPU
	EndGlobalSection
	GlobalSection(SolutionProperties) = preSolution
		HideSolutionNode = FALSE
	EndGlobalSection
	GlobalSection(MonoDevelopProperties) = preSolution
		StartupItem = Assembly-CSharp.csproj
	EndGlobalSection
EndGlobal
